
Microsoft Visual Studio Solution File, Format Version 12.00
# Visual Studio Version 17
VisualStudioVersion = 17.10.34928.147
MinimumVisualStudioVersion = 10.0.40219.1
Project("{9A19103F-16F7-4668-BE54-9A1E7A4F7556}") = "CoffeeManagementSystem", "EmployeeForm\CoffeeManagementSystem.csproj", "{40A5B5E0-C499-4C8C-8728-C53D3D3847E6}"
EndProject
Global
	GlobalSection(SolutionConfigurationPlatforms) = preSolution
		Debug|Any CPU = Debug|Any CPU
		Release|Any CPU = Release|Any CPU
	EndGlobalSection
	GlobalSection(ProjectConfigurationPlatforms) = postSolution
		{40A5B5E0-C499-4C8C-8728-C53D3D3847E6}.Debug|Any CPU.ActiveCfg = Debug|Any CPU
		{40A5B5E0-C499-4C8C-8728-C53D3D3847E6}.Debug|Any CPU.Build.0 = Debug|Any CPU
		{40A5B5E0-C499-4C8C-8728-C53D3D3847E6}.Release|Any CPU.ActiveCfg = Release|Any CPU
		{40A5B5E0-C499-4C8C-8728-C53D3D3847E6}.Release|Any CPU.Build.0 = Release|Any CPU
	EndGlobalSection
	GlobalSection(SolutionProperties) = preSolution
		HideSolutionNode = FALSE
	EndGlobalSection
	GlobalSection(ExtensibilityGlobals) = postSolution
		SolutionGuid = {61987AC9-3F05-4804-B4D4-E1E5799F2DC3}
	EndGlobalSection
EndGlobal
