
Microsoft Visual Studio Solution File, Format Version 12.00
# Visual Studio Version 17
VisualStudioVersion = 17.10.34928.147
MinimumVisualStudioVersion = 10.0.40219.1
Project("{FAE04EC0-301F-11D3-BF4B-00C04F79EFBC}") = "Lab-2", "Lab-2\Lab-2.csproj", "{ED757F09-D881-4C0E-A0FB-760105C45002}"
EndProject
Global
	GlobalSection(SolutionConfigurationPlatforms) = preSolution
		Debug|Any CPU = Debug|Any CPU
		Release|Any CPU = Release|Any CPU
	EndGlobalSection
	GlobalSection(ProjectConfigurationPlatforms) = postSolution
		{ED757F09-D881-4C0E-A0FB-760105C45002}.Debug|Any CPU.ActiveCfg = Debug|Any CPU
		{ED757F09-D881-4C0E-A0FB-760105C45002}.Debug|Any CPU.Build.0 = Debug|Any CPU
		{ED757F09-D881-4C0E-A0FB-760105C45002}.Release|Any CPU.ActiveCfg = Release|Any CPU
		{ED757F09-D881-4C0E-A0FB-760105C45002}.Release|Any CPU.Build.0 = Release|Any CPU
	EndGlobalSection
	GlobalSection(SolutionProperties) = preSolution
		HideSolutionNode = FALSE
	EndGlobalSection
	GlobalSection(ExtensibilityGlobals) = postSolution
		SolutionGuid = {4FF77FC8-BC2D-47C5-AB02-5CBDC3556A02}
	EndGlobalSection
EndGlobal
